// !$*UTF8*$!
{
	archiveVersion = 1;
	classes = {
	};
	objectVersion = 50;
	objects = {

/* Begin PBXBuildFile section */
		212F356527732C5600AF0408 /* Instrument Strum.mp3 in Resources */ = {isa = PBXBuildFile; fileRef = 212F356227732C5500AF0408 /* Instrument Strum.mp3 */; };
		212F356627732C5600AF0408 /* Wood Plank Flicks.mp3 in Resources */ = {isa = PBXBuildFile; fileRef = 212F356327732C5500AF0408 /* Wood Plank Flicks.mp3 */; };
		212F356727732C5600AF0408 /* Fart Toot.mp3 in Resources */ = {isa = PBXBuildFile; fileRef = 212F356427732C5600AF0408 /* Fart Toot.mp3 */; };
		21BF023A277044EA00740B72 /* AppDelegate.swift in Sources */ = {isa = PBXBuildFile; fileRef = 21BF0239277044EA00740B72 /* AppDelegate.swift */; };
		21BF023C277044EA00740B72 /* SceneDelegate.swift in Sources */ = {isa = PBXBuildFile; fileRef = 21BF023B277044EA00740B72 /* SceneDelegate.swift */; };
		21BF023E277044EA00740B72 /* ViewController.swift in Sources */ = {isa = PBXBuildFile; fileRef = 21BF023D277044EA00740B72 /* ViewController.swift */; };
		21BF0241277044EA00740B72 /* Main.storyboard in Resources */ = {isa = PBXBuildFile; fileRef = 21BF023F277044EA00740B72 /* Main.storyboard */; };
		21BF0243277044EB00740B72 /* Assets.xcassets in Resources */ = {isa = PBXBuildFile; fileRef = 21BF0242277044EB00740B72 /* Assets.xcassets */; };
		21BF0246277044EB00740B72 /* LaunchScreen.storyboard in Resources */ = {isa = PBXBuildFile; fileRef = 21BF0244277044EB00740B72 /* LaunchScreen.storyboard */; };
/* End PBXBuildFile section */

/* Begin PBXFileReference section */
		212F356227732C5500AF0408 /* Instrument Strum.mp3 */ = {isa = PBXFileReference; lastKnownFileType = audio.mp3; name = "Instrument Strum.mp3"; path = "../../../../Downloads/Instrument Strum.mp3"; sourceTree = "<group>"; };
		212F356327732C5500AF0408 /* Wood Plank Flicks.mp3 */ = {isa = PBXFileReference; lastKnownFileType = audio.mp3; name = "Wood Plank Flicks.mp3"; path = "../../../../Downloads/Wood Plank Flicks.mp3"; sourceTree = "<group>"; };
		212F356427732C5600AF0408 /* Fart Toot.mp3 */ = {isa = PBXFileReference; lastKnownFileType = audio.mp3; name = "Fart Toot.mp3"; path = "../../../../Downloads/Fart Toot.mp3"; sourceTree = "<group>"; };
		21BF0236277044EA00740B72 /* OddEvenGame.app */ = {isa = PBXFileReference; explicitFileType = wrapper.application; includeInIndex = 0; path = OddEvenGame.app; sourceTree = BUILT_PRODUCTS_DIR; };
		21BF0239277044EA00740B72 /* AppDelegate.swift */ = {isa = PBXFileReference; lastKnownFileType = sourcecode.swift; path = AppDelegate.swift; sourceTree = "<group>"; };
		21BF023B277044EA00740B72 /* SceneDelegate.swift */ = {isa = PBXFileReference; lastKnownFileType = sourcecode.swift; path = SceneDelegate.swift; sourceTree = "<group>"; };
		21BF023D277044EA00740B72 /* ViewController.swift */ = {isa = PBXFileReference; lastKnownFileType = sourcecode.swift; path = ViewController.swift; sourceTree = "<group>"; };
		21BF0240277044EA00740B72 /* Base */ = {isa = PBXFileReference; lastKnownFileType = file.storyboard; name = Base; path = Base.lproj/Main.storyboard; sourceTree = "<group>"; };
		21BF0242277044EB00740B72 /* Assets.xcassets */ = {isa = PBXFileReference; lastKnownFileType = folder.assetcatalog; path = Assets.xcassets; sourceTree = "<group>"; };
		21BF0245277044EB00740B72 /* Base */ = {isa = PBXFileReference; lastKnownFileType = file.storyboard; name = Base; path = Base.lproj/LaunchScreen.storyboard; sourceTree = "<group>"; };
		21BF0247277044EB00740B72 /* Info.plist */ = {isa = PBXFileReference; lastKnownFileType = text.plist.xml; path = Info.plist; sourceTree = "<group>"; };
/* End PBXFileReference section */

/* Begin PBXFrameworksBuildPhase section */
		21BF0233277044EA00740B72 /* Frameworks */ = {
			isa = PBXFrameworksBuildPhase;
			buildActionMask = 2147483647;
			files = (
			);
			runOnlyForDeploymentPostprocessing = 0;
		};
/* End PBXFrameworksBuildPhase section */

/* Begin PBXGroup section */
		212F356127732A5300AF0408 /* mp3 */ = {
			isa = PBXGroup;
			children = (
				212F356427732C5600AF0408 /* Fart Toot.mp3 */,
				212F356227732C5500AF0408 /* Instrument Strum.mp3 */,
				212F356327732C5500AF0408 /* Wood Plank Flicks.mp3 */,
			);
			path = mp3;
			sourceTree = "<group>";
		};
		21BF022D277044EA00740B72 = {
			isa = PBXGroup;
			children = (
				212F356127732A5300AF0408 /* mp3 */,
				21BF0238277044EA00740B72 /* OddEvenGame */,
				21BF0237277044EA00740B72 /* Products */,
			);
			sourceTree = "<group>";
		};
		21BF0237277044EA00740B72 /* Products */ = {
			isa = PBXGroup;
			children = (
				21BF0236277044EA00740B72 /* OddEvenGame.app */,
			);
			name = Products;
			sourceTree = "<group>";
		};
		21BF0238277044EA00740B72 /* OddEvenGame */ = {
			isa = PBXGroup;
			children = (
				21BF0239277044EA00740B72 /* AppDelegate.swift */,
				21BF023B277044EA00740B72 /* SceneDelegate.swift */,
				21BF023D277044EA00740B72 /* ViewController.swift */,
				21BF023F277044EA00740B72 /* Main.storyboard */,
				21BF0242277044EB00740B72 /* Assets.xcassets */,
				21BF0244277044EB00740B72 /* LaunchScreen.storyboard */,
				21BF0247277044EB00740B72 /* Info.plist */,
			);
			path = OddEvenGame;
			sourceTree = "<group>";
		};
/* End PBXGroup section */

/* Begin PBXNativeTarget section */
		21BF0235277044EA00740B72 /* OddEvenGame */ = {
			isa = PBXNativeTarget;
			buildConfigurationList = 21BF024A277044EB00740B72 /* Build configuration list for PBXNativeTarget "OddEvenGame" */;
			buildPhases = (
				21BF0232277044EA00740B72 /* Sources */,
				21BF0233277044EA00740B72 /* Frameworks */,
				21BF0234277044EA00740B72 /* Resources */,
			);
			buildRules = (
			);
			dependencies = (
			);
			name = OddEvenGame;
			productName = OddEvenGame;
			productReference = 21BF0236277044EA00740B72 /* OddEvenGame.app */;
			productType = "com.apple.product-type.application";
		};
/* End PBXNativeTarget section */

/* Begin PBXProject section */
		21BF022E277044EA00740B72 /* Project object */ = {
			isa = PBXProject;
			attributes = {
				LastSwiftUpdateCheck = 1250;
				LastUpgradeCheck = 1250;
				TargetAttributes = {
					21BF0235277044EA00740B72 = {
						CreatedOnToolsVersion = 12.5.1;
					};
				};
			};
			buildConfigurationList = 21BF0231277044EA00740B72 /* Build configuration list for PBXProject "OddEvenGame" */;
			compatibilityVersion = "Xcode 9.3";
			developmentRegion = en;
			hasScannedForEncodings = 0;
			knownRegions = (
				en,
				Base,
			);
			mainGroup = 21BF022D277044EA00740B72;
			productRefGroup = 21BF0237277044EA00740B72 /* Products */;
			projectDirPath = "";
			projectRoot = "";
			targets = (
				21BF0235277044EA00740B72 /* OddEvenGame */,
			);
		};
/* End PBXProject section */

/* Begin PBXResourcesBuildPhase section */
		21BF0234277044EA00740B72 /* Resources */ = {
			isa = PBXResourcesBuildPhase;
			buildActionMask = 2147483647;
			files = (
				21BF0246277044EB00740B72 /* LaunchScreen.storyboard in Resources */,
				212F356627732C5600AF0408 /* Wood Plank Flicks.mp3 in Resources */,
				21BF0243277044EB00740B72 /* Assets.xcassets in Resources */,
				212F356527732C5600AF0408 /* Instrument Strum.mp3 in Resources */,
				212F356727732C5600AF0408 /* Fart Toot.mp3 in Resources */,
				21BF0241277044EA00740B72 /* Main.storyboard in Resources */,
			);
			runOnlyForDeploymentPostprocessing = 0;
		};
/* End PBXResourcesBuildPhase section */

/* Begin PBXSourcesBuildPhase section */
		21BF0232277044EA00740B72 /* Sources */ = {
			isa = PBXSourcesBuildPhase;
			buildActionMask = 2147483647;
			files = (
				21BF023E277044EA00740B72 /* ViewController.swift in Sources */,
				21BF023A277044EA00740B72 /* AppDelegate.swift in Sources */,
				21BF023C277044EA00740B72 /* SceneDelegate.swift in Sources */,
			);
			runOnlyForDeploymentPostprocessing = 0;
		};
/* End PBXSourcesBuildPhase section */

/* Begin PBXVariantGroup section */
		21BF023F277044EA00740B72 /* Main.storyboard */ = {
			isa = PBXVariantGroup;
			children = (
				21BF0240277044EA00740B72 /* Base */,
			);
			name = Main.storyboard;
			sourceTree = "<group>";
		};
		21BF0244277044EB00740B72 /* LaunchScreen.storyboard */ = {
			isa = PBXVariantGroup;
			children = (
				21BF0245277044EB00740B72 /* Base */,
			);
			name = LaunchScreen.storyboard;
			sourceTree = "<group>";
		};
/* End PBXVariantGroup section */

/* Begin XCBuildConfiguration section */
		21BF0248277044EB00740B72 /* Debug */ = {
			isa = XCBuildConfiguration;
			buildSettings = {
				ALWAYS_SEARCH_USER_PATHS = NO;
				CLANG_ANALYZER_NONNULL = YES;
				CLANG_ANALYZER_NUMBER_OBJECT_CONVERSION = YES_AGGRESSIVE;
				CLANG_CXX_LANGUAGE_STANDARD = "gnu++14";
				CLANG_CXX_LIBRARY = "libc++";
				CLANG_ENABLE_MODULES = YES;
				CLANG_ENABLE_OBJC_ARC = YES;
				CLANG_ENABLE_OBJC_WEAK = YES;
				CLANG_WARN_BLOCK_CAPTURE_AUTORELEASING = YES;
				CLANG_WARN_BOOL_CONVERSION = YES;
				CLANG_WARN_COMMA = YES;
				CLANG_WARN_CONSTANT_CONVERSION = YES;
				CLANG_WARN_DEPRECATED_OBJC_IMPLEMENTATIONS = YES;
				CLANG_WARN_DIRECT_OBJC_ISA_USAGE = YES_ERROR;
				CLANG_WARN_DOCUMENTATION_COMMENTS = YES;
				CLANG_WARN_EMPTY_BODY = YES;
				CLANG_WARN_ENUM_CONVERSION = YES;
				CLANG_WARN_INFINITE_RECURSION = YES;
				CLANG_WARN_INT_CONVERSION = YES;
				CLANG_WARN_NON_LITERAL_NULL_CONVERSION = YES;
				CLANG_WARN_OBJC_IMPLICIT_RETAIN_SELF = YES;
				CLANG_WARN_OBJC_LITERAL_CONVERSION = YES;
				CLANG_WARN_OBJC_ROOT_CLASS = YES_ERROR;
				CLANG_WARN_QUOTED_INCLUDE_IN_FRAMEWORK_HEADER = YES;
				CLANG_WARN_RANGE_LOOP_ANALYSIS = YES;
				CLANG_WARN_STRICT_PROTOTYPES = YES;
				CLANG_WARN_SUSPICIOUS_MOVE = YES;
				CLANG_WARN_UNGUARDED_AVAILABILITY = YES_AGGRESSIVE;
				CLANG_WARN_UNREACHABLE_CODE = YES;
				CLANG_WARN__DUPLICATE_METHOD_MATCH = YES;
				COPY_PHASE_STRIP = NO;
				DEBUG_INFORMATION_FORMAT = dwarf;
				ENABLE_STRICT_OBJC_MSGSEND = YES;
				ENABLE_TESTABILITY = YES;
				GCC_C_LANGUAGE_STANDARD = gnu11;
				GCC_DYNAMIC_NO_PIC = NO;
				GCC_NO_COMMON_BLOCKS = YES;
				GCC_OPTIMIZATION_LEVEL = 0;
				GCC_PREPROCESSOR_DEFINITIONS = (
					"DEBUG=1",
					"$(inherited)",
				);
				GCC_WARN_64_TO_32_BIT_CONVERSION = YES;
				GCC_WARN_ABOUT_RETURN_TYPE = YES_ERROR;
				GCC_WARN_UNDECLARED_SELECTOR = YES;
				GCC_WARN_UNINITIALIZED_AUTOS = YES_AGGRESSIVE;
				GCC_WARN_UNUSED_FUNCTION = YES;
				GCC_WARN_UNUSED_VARIABLE = YES;
				IPHONEOS_DEPLOYMENT_TARGET = 14.5;
				MTL_ENABLE_DEBUG_INFO = INCLUDE_SOURCE;
				MTL_FAST_MATH = YES;
				ONLY_ACTIVE_ARCH = YES;
				SDKROOT = iphoneos;
				SWIFT_ACTIVE_COMPILATION_CONDITIONS = DEBUG;
				SWIFT_OPTIMIZATION_LEVEL = "-Onone";
			};
			name = Debug;
		};
		21BF0249277044EB00740B72 /* Release */ = {
			isa = XCBuildConfiguration;
			buildSettings = {
				ALWAYS_SEARCH_USER_PATHS = NO;
				CLANG_ANALYZER_NONNULL = YES;
				CLANG_ANALYZER_NUMBER_OBJECT_CONVERSION = YES_AGGRESSIVE;
				CLANG_CXX_LANGUAGE_STANDARD = "gnu++14";
				CLANG_CXX_LIBRARY = "libc++";
				CLANG_ENABLE_MODULES = YES;
				CLANG_ENABLE_OBJC_ARC = YES;
				CLANG_ENABLE_OBJC_WEAK = YES;
				CLANG_WARN_BLOCK_CAPTURE_AUTORELEASING = YES;
				CLANG_WARN_BOOL_CONVERSION = YES;
				CLANG_WARN_COMMA = YES;
				CLANG_WARN_CONSTANT_CONVERSION = YES;
				CLANG_WARN_DEPRECATED_OBJC_IMPLEMENTATIONS = YES;
				CLANG_WARN_DIRECT_OBJC_ISA_USAGE = YES_ERROR;
				CLANG_WARN_DOCUMENTATION_COMMENTS = YES;
				CLANG_WARN_EMPTY_BODY = YES;
				CLANG_WARN_ENUM_CONVERSION = YES;
				CLANG_WARN_INFINITE_RECURSION = YES;
				CLANG_WARN_INT_CONVERSION = YES;
				CLANG_WARN_NON_LITERAL_NULL_CONVERSION = YES;
				CLANG_WARN_OBJC_IMPLICIT_RETAIN_SELF = YES;
				CLANG_WARN_OBJC_LITERAL_CONVERSION = YES;
				CLANG_WARN_OBJC_ROOT_CLASS = YES_ERROR;
				CLANG_WARN_QUOTED_INCLUDE_IN_FRAMEWORK_HEADER = YES;
				CLANG_WARN_RANGE_LOOP_ANALYSIS = YES;
				CLANG_WARN_STRICT_PROTOTYPES = YES;
				CLANG_WARN_SUSPICIOUS_MOVE = YES;
				CLANG_WARN_UNGUARDED_AVAILABILITY = YES_AGGRESSIVE;
				CLANG_WARN_UNREACHABLE_CODE = YES;
				CLANG_WARN__DUPLICATE_METHOD_MATCH = YES;
				COPY_PHASE_STRIP = NO;
				DEBUG_INFORMATION_FORMAT = "dwarf-with-dsym";
				ENABLE_NS_ASSERTIONS = NO;
				ENABLE_STRICT_OBJC_MSGSEND = YES;
				GCC_C_LANGUAGE_STANDARD = gnu11;
				GCC_NO_COMMON_BLOCKS = YES;
				GCC_WARN_64_TO_32_BIT_CONVERSION = YES;
				GCC_WARN_ABOUT_RETURN_TYPE = YES_ERROR;
				GCC_WARN_UNDECLARED_SELECTOR = YES;
				GCC_WARN_UNINITIALIZED_AUTOS = YES_AGGRESSIVE;
				GCC_WARN_UNUSED_FUNCTION = YES;
				GCC_WARN_UNUSED_VARIABLE = YES;
				IPHONEOS_DEPLOYMENT_TARGET = 14.5;
				MTL_ENABLE_DEBUG_INFO = NO;
				MTL_FAST_MATH = YES;
				SDKROOT = iphoneos;
				SWIFT_COMPILATION_MODE = wholemodule;
				SWIFT_OPTIMIZATION_LEVEL = "-O";
				VALIDATE_PRODUCT = YES;
			};
			name = Release;
		};
		21BF024B277044EB00740B72 /* Debug */ = {
			isa = XCBuildConfiguration;
			buildSettings = {
				ASSETCATALOG_COMPILER_APPICON_NAME = AppIcon;
				ASSETCATALOG_COMPILER_GLOBAL_ACCENT_COLOR_NAME = AccentColor;
				CODE_SIGN_STYLE = Automatic;
				DEVELOPMENT_TEAM = 5454TMPAG8;
				INFOPLIST_FILE = OddEvenGame/Info.plist;
				LD_RUNPATH_SEARCH_PATHS = (
					"$(inherited)",
					"@executable_path/Frameworks",
				);
				PRODUCT_BUNDLE_IDENTIFIER = eeju.OddEvenGame;
				PRODUCT_NAME = "$(TARGET_NAME)";
				SWIFT_VERSION = 5.0;
				TARGETED_DEVICE_FAMILY = "1,2";
			};
			name = Debug;
		};
		21BF024C277044EB00740B72 /* Release */ = {
			isa = XCBuildConfiguration;
			buildSettings = {
				ASSETCATALOG_COMPILER_APPICON_NAME = AppIcon;
				ASSETCATALOG_COMPILER_GLOBAL_ACCENT_COLOR_NAME = AccentColor;
				CODE_SIGN_STYLE = Automatic;
				DEVELOPMENT_TEAM = 5454TMPAG8;
				INFOPLIST_FILE = OddEvenGame/Info.plist;
				LD_RUNPATH_SEARCH_PATHS = (
					"$(inherited)",
					"@executable_path/Frameworks",
				);
				PRODUCT_BUNDLE_IDENTIFIER = eeju.OddEvenGame;
				PRODUCT_NAME = "$(TARGET_NAME)";
				SWIFT_VERSION = 5.0;
				TARGETED_DEVICE_FAMILY = "1,2";
			};
			name = Release;
		};
/* End XCBuildConfiguration section */

/* Begin XCConfigurationList section */
		21BF0231277044EA00740B72 /* Build configuration list for PBXProject "OddEvenGame" */ = {
			isa = XCConfigurationList;
			buildConfigurations = (
				21BF0248277044EB00740B72 /* Debug */,
				21BF0249277044EB00740B72 /* Release */,
			);
			defaultConfigurationIsVisible = 0;
			defaultConfigurationName = Release;
		};
		21BF024A277044EB00740B72 /* Build configuration list for PBXNativeTarget "OddEvenGame" */ = {
			isa = XCConfigurationList;
			buildConfigurations = (
				21BF024B277044EB00740B72 /* Debug */,
				21BF024C277044EB00740B72 /* Release */,
			);
			defaultConfigurationIsVisible = 0;
			defaultConfigurationName = Release;
		};
/* End XCConfigurationList section */
	};
	rootObject = 21BF022E277044EA00740B72 /* Project object */;
}
